
Microsoft Visual Studio Solution File, Format Version 12.00
# Visual Studio 15
Project("{FAE04EC0-301F-11D3-BF4B-00C04F79EFBC}") = "GraphOfThrones.Web", "GraphOfThrones.Web\GraphOfThrones.Web.csproj", "{3ADD45C5-1E0D-4F68-9227-56D19E9C5FEB}"
EndProject
Project("{FAE04EC0-301F-11D3-BF4B-00C04F79EFBC}") = "GraphOfThrones.Core", "GraphOfThrones.Core\GraphOfThrones.Core.csproj", "{BEBA0191-1D7A-43C4-85FA-08154FC4CB7B}"
EndProject
Global
	GlobalSection(SolutionConfigurationPlatforms) = preSolution
		Debug|Any CPU = Debug|Any CPU
		Release|Any CPU = Release|Any CPU
	EndGlobalSection
	GlobalSection(ProjectConfigurationPlatforms) = postSolution
		{3ADD45C5-1E0D-4F68-9227-56D19E9C5FEB}.Debug|Any CPU.ActiveCfg = Debug|Any CPU
		{3ADD45C5-1E0D-4F68-9227-56D19E9C5FEB}.Debug|Any CPU.Build.0 = Debug|Any CPU
		{3ADD45C5-1E0D-4F68-9227-56D19E9C5FEB}.Release|Any CPU.ActiveCfg = Release|Any CPU
		{3ADD45C5-1E0D-4F68-9227-56D19E9C5FEB}.Release|Any CPU.Build.0 = Release|Any CPU
		{BEBA0191-1D7A-43C4-85FA-08154FC4CB7B}.Debug|Any CPU.ActiveCfg = Debug|Any CPU
		{BEBA0191-1D7A-43C4-85FA-08154FC4CB7B}.Debug|Any CPU.Build.0 = Debug|Any CPU
		{BEBA0191-1D7A-43C4-85FA-08154FC4CB7B}.Release|Any CPU.ActiveCfg = Release|Any CPU
		{BEBA0191-1D7A-43C4-85FA-08154FC4CB7B}.Release|Any CPU.Build.0 = Release|Any CPU
	EndGlobalSection
EndGlobal
