
Microsoft Visual Studio Solution File, Format Version 12.00
# Visual Studio 2012
Project("{FAE04EC0-301F-11D3-BF4B-00C04F79EFBC}") = "CSSAndFlexLayout.Android", "CSSAndFlexLayout.Android\CSSAndFlexLayout.Android.csproj", "{1F70E87A-95FC-4A98-9736-D5375AA8CFAD}"
EndProject
Project("{FAE04EC0-301F-11D3-BF4B-00C04F79EFBC}") = "CSSAndFlexLayout.iOS", "CSSAndFlexLayout.iOS\CSSAndFlexLayout.iOS.csproj", "{7B3C2EB4-FD33-476C-8058-7AA50339E060}"
EndProject
Project("{FAE04EC0-301F-11D3-BF4B-00C04F79EFBC}") = "CSSAndFlexLayout", "CSSAndFlexLayout\CSSAndFlexLayout.csproj", "{2E73257A-C121-4BFC-AF16-D66605D8726B}"
EndProject
Global
	GlobalSection(SolutionConfigurationPlatforms) = preSolution
		Debug|Any CPU = Debug|Any CPU
		Release|Any CPU = Release|Any CPU
		Debug|iPhoneSimulator = Debug|iPhoneSimulator
		Release|iPhoneSimulator = Release|iPhoneSimulator
		Debug|iPhone = Debug|iPhone
		Release|iPhone = Release|iPhone
		Ad-Hoc|iPhone = Ad-Hoc|iPhone
		AppStore|iPhone = AppStore|iPhone
	EndGlobalSection
	GlobalSection(ProjectConfigurationPlatforms) = postSolution
		{1F70E87A-95FC-4A98-9736-D5375AA8CFAD}.Debug|Any CPU.ActiveCfg = Debug|Any CPU
		{1F70E87A-95FC-4A98-9736-D5375AA8CFAD}.Debug|Any CPU.Build.0 = Debug|Any CPU
		{1F70E87A-95FC-4A98-9736-D5375AA8CFAD}.Release|Any CPU.ActiveCfg = Release|Any CPU
		{1F70E87A-95FC-4A98-9736-D5375AA8CFAD}.Release|Any CPU.Build.0 = Release|Any CPU
		{1F70E87A-95FC-4A98-9736-D5375AA8CFAD}.Debug|iPhoneSimulator.ActiveCfg = Debug|Any CPU
		{1F70E87A-95FC-4A98-9736-D5375AA8CFAD}.Debug|iPhoneSimulator.Build.0 = Debug|Any CPU
		{1F70E87A-95FC-4A98-9736-D5375AA8CFAD}.Release|iPhoneSimulator.ActiveCfg = Release|Any CPU
		{1F70E87A-95FC-4A98-9736-D5375AA8CFAD}.Release|iPhoneSimulator.Build.0 = Release|Any CPU
		{1F70E87A-95FC-4A98-9736-D5375AA8CFAD}.Debug|iPhone.ActiveCfg = Debug|Any CPU
		{1F70E87A-95FC-4A98-9736-D5375AA8CFAD}.Debug|iPhone.Build.0 = Debug|Any CPU
		{1F70E87A-95FC-4A98-9736-D5375AA8CFAD}.Release|iPhone.ActiveCfg = Release|Any CPU
		{1F70E87A-95FC-4A98-9736-D5375AA8CFAD}.Release|iPhone.Build.0 = Release|Any CPU
		{1F70E87A-95FC-4A98-9736-D5375AA8CFAD}.Ad-Hoc|iPhone.ActiveCfg = Debug|Any CPU
		{1F70E87A-95FC-4A98-9736-D5375AA8CFAD}.Ad-Hoc|iPhone.Build.0 = Debug|Any CPU
		{1F70E87A-95FC-4A98-9736-D5375AA8CFAD}.AppStore|iPhone.ActiveCfg = Debug|Any CPU
		{1F70E87A-95FC-4A98-9736-D5375AA8CFAD}.AppStore|iPhone.Build.0 = Debug|Any CPU
		{7B3C2EB4-FD33-476C-8058-7AA50339E060}.Debug|Any CPU.ActiveCfg = Debug|iPhoneSimulator
		{7B3C2EB4-FD33-476C-8058-7AA50339E060}.Debug|Any CPU.Build.0 = Debug|iPhoneSimulator
		{7B3C2EB4-FD33-476C-8058-7AA50339E060}.Release|Any CPU.ActiveCfg = Release|iPhoneSimulator
		{7B3C2EB4-FD33-476C-8058-7AA50339E060}.Release|Any CPU.Build.0 = Release|iPhoneSimulator
		{7B3C2EB4-FD33-476C-8058-7AA50339E060}.Debug|iPhoneSimulator.ActiveCfg = Debug|iPhoneSimulator
		{7B3C2EB4-FD33-476C-8058-7AA50339E060}.Debug|iPhoneSimulator.Build.0 = Debug|iPhoneSimulator
		{7B3C2EB4-FD33-476C-8058-7AA50339E060}.Release|iPhoneSimulator.ActiveCfg = Release|iPhoneSimulator
		{7B3C2EB4-FD33-476C-8058-7AA50339E060}.Release|iPhoneSimulator.Build.0 = Release|iPhoneSimulator
		{7B3C2EB4-FD33-476C-8058-7AA50339E060}.Debug|iPhone.ActiveCfg = Debug|iPhone
		{7B3C2EB4-FD33-476C-8058-7AA50339E060}.Debug|iPhone.Build.0 = Debug|iPhone
		{7B3C2EB4-FD33-476C-8058-7AA50339E060}.Release|iPhone.ActiveCfg = Release|iPhone
		{7B3C2EB4-FD33-476C-8058-7AA50339E060}.Release|iPhone.Build.0 = Release|iPhone
		{7B3C2EB4-FD33-476C-8058-7AA50339E060}.Ad-Hoc|iPhone.ActiveCfg = Ad-Hoc|iPhone
		{7B3C2EB4-FD33-476C-8058-7AA50339E060}.Ad-Hoc|iPhone.Build.0 = Ad-Hoc|iPhone
		{7B3C2EB4-FD33-476C-8058-7AA50339E060}.AppStore|iPhone.ActiveCfg = AppStore|iPhone
		{7B3C2EB4-FD33-476C-8058-7AA50339E060}.AppStore|iPhone.Build.0 = AppStore|iPhone
		{2E73257A-C121-4BFC-AF16-D66605D8726B}.Debug|Any CPU.ActiveCfg = Debug|Any CPU
		{2E73257A-C121-4BFC-AF16-D66605D8726B}.Debug|Any CPU.Build.0 = Debug|Any CPU
		{2E73257A-C121-4BFC-AF16-D66605D8726B}.Release|Any CPU.ActiveCfg = Release|Any CPU
		{2E73257A-C121-4BFC-AF16-D66605D8726B}.Release|Any CPU.Build.0 = Release|Any CPU
		{2E73257A-C121-4BFC-AF16-D66605D8726B}.Debug|iPhoneSimulator.ActiveCfg = Debug|Any CPU
		{2E73257A-C121-4BFC-AF16-D66605D8726B}.Debug|iPhoneSimulator.Build.0 = Debug|Any CPU
		{2E73257A-C121-4BFC-AF16-D66605D8726B}.Release|iPhoneSimulator.ActiveCfg = Release|Any CPU
		{2E73257A-C121-4BFC-AF16-D66605D8726B}.Release|iPhoneSimulator.Build.0 = Release|Any CPU
		{2E73257A-C121-4BFC-AF16-D66605D8726B}.Debug|iPhone.ActiveCfg = Debug|Any CPU
		{2E73257A-C121-4BFC-AF16-D66605D8726B}.Debug|iPhone.Build.0 = Debug|Any CPU
		{2E73257A-C121-4BFC-AF16-D66605D8726B}.Release|iPhone.ActiveCfg = Release|Any CPU
		{2E73257A-C121-4BFC-AF16-D66605D8726B}.Release|iPhone.Build.0 = Release|Any CPU
		{2E73257A-C121-4BFC-AF16-D66605D8726B}.Ad-Hoc|iPhone.ActiveCfg = Debug|Any CPU
		{2E73257A-C121-4BFC-AF16-D66605D8726B}.Ad-Hoc|iPhone.Build.0 = Debug|Any CPU
		{2E73257A-C121-4BFC-AF16-D66605D8726B}.AppStore|iPhone.ActiveCfg = Debug|Any CPU
		{2E73257A-C121-4BFC-AF16-D66605D8726B}.AppStore|iPhone.Build.0 = Debug|Any CPU
	EndGlobalSection
EndGlobal
