
Microsoft Visual Studio Solution File, Format Version 12.00
# Visual Studio 2012
Project("{FAE04EC0-301F-11D3-BF4B-00C04F79EFBC}") = "SliderIssue.Android", "SliderIssue.Android\SliderIssue.Android.csproj", "{C5B987B6-9180-489D-B04B-249F5F45DAB6}"
EndProject
Project("{FAE04EC0-301F-11D3-BF4B-00C04F79EFBC}") = "SliderIssue.iOS", "SliderIssue.iOS\SliderIssue.iOS.csproj", "{3C4E963B-9CA5-42DA-B0FB-5AE2EDCE4E93}"
EndProject
Project("{FAE04EC0-301F-11D3-BF4B-00C04F79EFBC}") = "SliderIssue", "SliderIssue\SliderIssue.csproj", "{E08621F3-9E9C-42E6-A990-DBB0C1E8D40A}"
EndProject
Global
	GlobalSection(SolutionConfigurationPlatforms) = preSolution
		Debug|Any CPU = Debug|Any CPU
		Release|Any CPU = Release|Any CPU
		Debug|iPhoneSimulator = Debug|iPhoneSimulator
		Release|iPhoneSimulator = Release|iPhoneSimulator
		Debug|iPhone = Debug|iPhone
		Release|iPhone = Release|iPhone
		Ad-Hoc|iPhone = Ad-Hoc|iPhone
		AppStore|iPhone = AppStore|iPhone
	EndGlobalSection
	GlobalSection(ProjectConfigurationPlatforms) = postSolution
		{C5B987B6-9180-489D-B04B-249F5F45DAB6}.Debug|Any CPU.ActiveCfg = Debug|Any CPU
		{C5B987B6-9180-489D-B04B-249F5F45DAB6}.Debug|Any CPU.Build.0 = Debug|Any CPU
		{C5B987B6-9180-489D-B04B-249F5F45DAB6}.Release|Any CPU.ActiveCfg = Release|Any CPU
		{C5B987B6-9180-489D-B04B-249F5F45DAB6}.Release|Any CPU.Build.0 = Release|Any CPU
		{C5B987B6-9180-489D-B04B-249F5F45DAB6}.Debug|iPhoneSimulator.ActiveCfg = Debug|Any CPU
		{C5B987B6-9180-489D-B04B-249F5F45DAB6}.Debug|iPhoneSimulator.Build.0 = Debug|Any CPU
		{C5B987B6-9180-489D-B04B-249F5F45DAB6}.Release|iPhoneSimulator.ActiveCfg = Release|Any CPU
		{C5B987B6-9180-489D-B04B-249F5F45DAB6}.Release|iPhoneSimulator.Build.0 = Release|Any CPU
		{C5B987B6-9180-489D-B04B-249F5F45DAB6}.Debug|iPhone.ActiveCfg = Debug|Any CPU
		{C5B987B6-9180-489D-B04B-249F5F45DAB6}.Debug|iPhone.Build.0 = Debug|Any CPU
		{C5B987B6-9180-489D-B04B-249F5F45DAB6}.Release|iPhone.ActiveCfg = Release|Any CPU
		{C5B987B6-9180-489D-B04B-249F5F45DAB6}.Release|iPhone.Build.0 = Release|Any CPU
		{C5B987B6-9180-489D-B04B-249F5F45DAB6}.Ad-Hoc|iPhone.ActiveCfg = Debug|Any CPU
		{C5B987B6-9180-489D-B04B-249F5F45DAB6}.Ad-Hoc|iPhone.Build.0 = Debug|Any CPU
		{C5B987B6-9180-489D-B04B-249F5F45DAB6}.AppStore|iPhone.ActiveCfg = Debug|Any CPU
		{C5B987B6-9180-489D-B04B-249F5F45DAB6}.AppStore|iPhone.Build.0 = Debug|Any CPU
		{3C4E963B-9CA5-42DA-B0FB-5AE2EDCE4E93}.Debug|Any CPU.ActiveCfg = Debug|iPhoneSimulator
		{3C4E963B-9CA5-42DA-B0FB-5AE2EDCE4E93}.Debug|Any CPU.Build.0 = Debug|iPhoneSimulator
		{3C4E963B-9CA5-42DA-B0FB-5AE2EDCE4E93}.Release|Any CPU.ActiveCfg = Release|iPhoneSimulator
		{3C4E963B-9CA5-42DA-B0FB-5AE2EDCE4E93}.Release|Any CPU.Build.0 = Release|iPhoneSimulator
		{3C4E963B-9CA5-42DA-B0FB-5AE2EDCE4E93}.Debug|iPhoneSimulator.ActiveCfg = Debug|iPhoneSimulator
		{3C4E963B-9CA5-42DA-B0FB-5AE2EDCE4E93}.Debug|iPhoneSimulator.Build.0 = Debug|iPhoneSimulator
		{3C4E963B-9CA5-42DA-B0FB-5AE2EDCE4E93}.Release|iPhoneSimulator.ActiveCfg = Release|iPhoneSimulator
		{3C4E963B-9CA5-42DA-B0FB-5AE2EDCE4E93}.Release|iPhoneSimulator.Build.0 = Release|iPhoneSimulator
		{3C4E963B-9CA5-42DA-B0FB-5AE2EDCE4E93}.Debug|iPhone.ActiveCfg = Debug|iPhone
		{3C4E963B-9CA5-42DA-B0FB-5AE2EDCE4E93}.Debug|iPhone.Build.0 = Debug|iPhone
		{3C4E963B-9CA5-42DA-B0FB-5AE2EDCE4E93}.Release|iPhone.ActiveCfg = Release|iPhone
		{3C4E963B-9CA5-42DA-B0FB-5AE2EDCE4E93}.Release|iPhone.Build.0 = Release|iPhone
		{3C4E963B-9CA5-42DA-B0FB-5AE2EDCE4E93}.Ad-Hoc|iPhone.ActiveCfg = Ad-Hoc|iPhone
		{3C4E963B-9CA5-42DA-B0FB-5AE2EDCE4E93}.Ad-Hoc|iPhone.Build.0 = Ad-Hoc|iPhone
		{3C4E963B-9CA5-42DA-B0FB-5AE2EDCE4E93}.AppStore|iPhone.ActiveCfg = AppStore|iPhone
		{3C4E963B-9CA5-42DA-B0FB-5AE2EDCE4E93}.AppStore|iPhone.Build.0 = AppStore|iPhone
		{E08621F3-9E9C-42E6-A990-DBB0C1E8D40A}.Debug|Any CPU.ActiveCfg = Debug|Any CPU
		{E08621F3-9E9C-42E6-A990-DBB0C1E8D40A}.Debug|Any CPU.Build.0 = Debug|Any CPU
		{E08621F3-9E9C-42E6-A990-DBB0C1E8D40A}.Release|Any CPU.ActiveCfg = Release|Any CPU
		{E08621F3-9E9C-42E6-A990-DBB0C1E8D40A}.Release|Any CPU.Build.0 = Release|Any CPU
		{E08621F3-9E9C-42E6-A990-DBB0C1E8D40A}.Debug|iPhoneSimulator.ActiveCfg = Debug|Any CPU
		{E08621F3-9E9C-42E6-A990-DBB0C1E8D40A}.Debug|iPhoneSimulator.Build.0 = Debug|Any CPU
		{E08621F3-9E9C-42E6-A990-DBB0C1E8D40A}.Release|iPhoneSimulator.ActiveCfg = Release|Any CPU
		{E08621F3-9E9C-42E6-A990-DBB0C1E8D40A}.Release|iPhoneSimulator.Build.0 = Release|Any CPU
		{E08621F3-9E9C-42E6-A990-DBB0C1E8D40A}.Debug|iPhone.ActiveCfg = Debug|Any CPU
		{E08621F3-9E9C-42E6-A990-DBB0C1E8D40A}.Debug|iPhone.Build.0 = Debug|Any CPU
		{E08621F3-9E9C-42E6-A990-DBB0C1E8D40A}.Release|iPhone.ActiveCfg = Release|Any CPU
		{E08621F3-9E9C-42E6-A990-DBB0C1E8D40A}.Release|iPhone.Build.0 = Release|Any CPU
		{E08621F3-9E9C-42E6-A990-DBB0C1E8D40A}.Ad-Hoc|iPhone.ActiveCfg = Debug|Any CPU
		{E08621F3-9E9C-42E6-A990-DBB0C1E8D40A}.Ad-Hoc|iPhone.Build.0 = Debug|Any CPU
		{E08621F3-9E9C-42E6-A990-DBB0C1E8D40A}.AppStore|iPhone.ActiveCfg = Debug|Any CPU
		{E08621F3-9E9C-42E6-A990-DBB0C1E8D40A}.AppStore|iPhone.Build.0 = Debug|Any CPU
	EndGlobalSection
EndGlobal
