
Microsoft Visual Studio Solution File, Format Version 12.00
# Visual Studio 2012
Project("{D954291E-2A0B-460D-934E-DC6B0785DB48}") = "ToDo", "ToDo\ToDo.shproj", "{E2AF7BD2-6408-4C1C-80B5-F0C32184B444}"
EndProject
Project("{FAE04EC0-301F-11D3-BF4B-00C04F79EFBC}") = "ToDo.iOS", "iOS\ToDo.iOS.csproj", "{301E83B8-DB54-4B42-83FF-6307FD816FA4}"
EndProject
Project("{FAE04EC0-301F-11D3-BF4B-00C04F79EFBC}") = "ToDo.Droid", "Droid\ToDo.Droid.csproj", "{E0AAD418-1ADB-4D0A-A6CD-409AC9446B68}"
EndProject
Global
	GlobalSection(SolutionConfigurationPlatforms) = preSolution
		Debug|iPhoneSimulator = Debug|iPhoneSimulator
		Release|iPhone = Release|iPhone
		Release|iPhoneSimulator = Release|iPhoneSimulator
		Debug|iPhone = Debug|iPhone
		Debug|Any CPU = Debug|Any CPU
		Release|Any CPU = Release|Any CPU
	EndGlobalSection
	GlobalSection(ProjectConfigurationPlatforms) = postSolution
		{301E83B8-DB54-4B42-83FF-6307FD816FA4}.Debug|iPhoneSimulator.ActiveCfg = Debug|iPhoneSimulator
		{301E83B8-DB54-4B42-83FF-6307FD816FA4}.Debug|iPhoneSimulator.Build.0 = Debug|iPhoneSimulator
		{301E83B8-DB54-4B42-83FF-6307FD816FA4}.Release|iPhone.ActiveCfg = Release|iPhone
		{301E83B8-DB54-4B42-83FF-6307FD816FA4}.Release|iPhone.Build.0 = Release|iPhone
		{301E83B8-DB54-4B42-83FF-6307FD816FA4}.Release|iPhoneSimulator.ActiveCfg = Release|iPhoneSimulator
		{301E83B8-DB54-4B42-83FF-6307FD816FA4}.Release|iPhoneSimulator.Build.0 = Release|iPhoneSimulator
		{301E83B8-DB54-4B42-83FF-6307FD816FA4}.Debug|iPhone.ActiveCfg = Debug|iPhone
		{301E83B8-DB54-4B42-83FF-6307FD816FA4}.Debug|iPhone.Build.0 = Debug|iPhone
		{301E83B8-DB54-4B42-83FF-6307FD816FA4}.Debug|Any CPU.ActiveCfg = Debug|iPhoneSimulator
		{301E83B8-DB54-4B42-83FF-6307FD816FA4}.Debug|Any CPU.Build.0 = Debug|iPhoneSimulator
		{301E83B8-DB54-4B42-83FF-6307FD816FA4}.Release|Any CPU.ActiveCfg = Release|iPhone
		{301E83B8-DB54-4B42-83FF-6307FD816FA4}.Release|Any CPU.Build.0 = Release|iPhone
		{E0AAD418-1ADB-4D0A-A6CD-409AC9446B68}.Debug|iPhoneSimulator.ActiveCfg = Debug|Any CPU
		{E0AAD418-1ADB-4D0A-A6CD-409AC9446B68}.Debug|iPhoneSimulator.Build.0 = Debug|Any CPU
		{E0AAD418-1ADB-4D0A-A6CD-409AC9446B68}.Release|iPhone.ActiveCfg = Release|Any CPU
		{E0AAD418-1ADB-4D0A-A6CD-409AC9446B68}.Release|iPhone.Build.0 = Release|Any CPU
		{E0AAD418-1ADB-4D0A-A6CD-409AC9446B68}.Release|iPhoneSimulator.ActiveCfg = Release|Any CPU
		{E0AAD418-1ADB-4D0A-A6CD-409AC9446B68}.Release|iPhoneSimulator.Build.0 = Release|Any CPU
		{E0AAD418-1ADB-4D0A-A6CD-409AC9446B68}.Debug|iPhone.ActiveCfg = Debug|Any CPU
		{E0AAD418-1ADB-4D0A-A6CD-409AC9446B68}.Debug|iPhone.Build.0 = Debug|Any CPU
		{E0AAD418-1ADB-4D0A-A6CD-409AC9446B68}.Debug|Any CPU.ActiveCfg = Debug|Any CPU
		{E0AAD418-1ADB-4D0A-A6CD-409AC9446B68}.Debug|Any CPU.Build.0 = Debug|Any CPU
		{E0AAD418-1ADB-4D0A-A6CD-409AC9446B68}.Release|Any CPU.ActiveCfg = Release|Any CPU
		{E0AAD418-1ADB-4D0A-A6CD-409AC9446B68}.Release|Any CPU.Build.0 = Release|Any CPU
	EndGlobalSection
EndGlobal
