
Microsoft Visual Studio Solution File, Format Version 12.00
# Visual Studio 2012
Project("{FAE04EC0-301F-11D3-BF4B-00C04F79EFBC}") = "DrawIt", "DrawIt\DrawIt.csproj", "{C0B2DA42-B299-4B48-A536-69AFEDE9C3DC}"
EndProject
Project("{FAE04EC0-301F-11D3-BF4B-00C04F79EFBC}") = "DrawIt.iOS", "iOS\DrawIt.iOS.csproj", "{CDB1CBC5-BC25-4F99-8EEA-480B30CB424B}"
EndProject
Project("{FAE04EC0-301F-11D3-BF4B-00C04F79EFBC}") = "DrawIt.Droid", "Droid\DrawIt.Droid.csproj", "{E83B4890-FCC2-4530-8964-B2D56AD1EB3B}"
EndProject
Global
	GlobalSection(SolutionConfigurationPlatforms) = preSolution
		Debug|Any CPU = Debug|Any CPU
		Release|Any CPU = Release|Any CPU
		Debug|iPhoneSimulator = Debug|iPhoneSimulator
		Release|iPhone = Release|iPhone
		Release|iPhoneSimulator = Release|iPhoneSimulator
		Debug|iPhone = Debug|iPhone
	EndGlobalSection
	GlobalSection(ProjectConfigurationPlatforms) = postSolution
		{C0B2DA42-B299-4B48-A536-69AFEDE9C3DC}.Debug|Any CPU.ActiveCfg = Debug|Any CPU
		{C0B2DA42-B299-4B48-A536-69AFEDE9C3DC}.Debug|Any CPU.Build.0 = Debug|Any CPU
		{C0B2DA42-B299-4B48-A536-69AFEDE9C3DC}.Release|Any CPU.ActiveCfg = Release|Any CPU
		{C0B2DA42-B299-4B48-A536-69AFEDE9C3DC}.Release|Any CPU.Build.0 = Release|Any CPU
		{C0B2DA42-B299-4B48-A536-69AFEDE9C3DC}.Debug|iPhoneSimulator.ActiveCfg = Debug|Any CPU
		{C0B2DA42-B299-4B48-A536-69AFEDE9C3DC}.Debug|iPhoneSimulator.Build.0 = Debug|Any CPU
		{C0B2DA42-B299-4B48-A536-69AFEDE9C3DC}.Release|iPhone.ActiveCfg = Release|Any CPU
		{C0B2DA42-B299-4B48-A536-69AFEDE9C3DC}.Release|iPhone.Build.0 = Release|Any CPU
		{C0B2DA42-B299-4B48-A536-69AFEDE9C3DC}.Release|iPhoneSimulator.ActiveCfg = Release|Any CPU
		{C0B2DA42-B299-4B48-A536-69AFEDE9C3DC}.Release|iPhoneSimulator.Build.0 = Release|Any CPU
		{C0B2DA42-B299-4B48-A536-69AFEDE9C3DC}.Debug|iPhone.ActiveCfg = Debug|Any CPU
		{C0B2DA42-B299-4B48-A536-69AFEDE9C3DC}.Debug|iPhone.Build.0 = Debug|Any CPU
		{CDB1CBC5-BC25-4F99-8EEA-480B30CB424B}.Debug|Any CPU.ActiveCfg = Debug|iPhoneSimulator
		{CDB1CBC5-BC25-4F99-8EEA-480B30CB424B}.Debug|Any CPU.Build.0 = Debug|iPhoneSimulator
		{CDB1CBC5-BC25-4F99-8EEA-480B30CB424B}.Release|Any CPU.ActiveCfg = Release|iPhone
		{CDB1CBC5-BC25-4F99-8EEA-480B30CB424B}.Release|Any CPU.Build.0 = Release|iPhone
		{CDB1CBC5-BC25-4F99-8EEA-480B30CB424B}.Debug|iPhoneSimulator.ActiveCfg = Debug|iPhoneSimulator
		{CDB1CBC5-BC25-4F99-8EEA-480B30CB424B}.Debug|iPhoneSimulator.Build.0 = Debug|iPhoneSimulator
		{CDB1CBC5-BC25-4F99-8EEA-480B30CB424B}.Release|iPhone.ActiveCfg = Release|iPhone
		{CDB1CBC5-BC25-4F99-8EEA-480B30CB424B}.Release|iPhone.Build.0 = Release|iPhone
		{CDB1CBC5-BC25-4F99-8EEA-480B30CB424B}.Release|iPhoneSimulator.ActiveCfg = Release|iPhoneSimulator
		{CDB1CBC5-BC25-4F99-8EEA-480B30CB424B}.Release|iPhoneSimulator.Build.0 = Release|iPhoneSimulator
		{CDB1CBC5-BC25-4F99-8EEA-480B30CB424B}.Debug|iPhone.ActiveCfg = Debug|iPhone
		{CDB1CBC5-BC25-4F99-8EEA-480B30CB424B}.Debug|iPhone.Build.0 = Debug|iPhone
		{E83B4890-FCC2-4530-8964-B2D56AD1EB3B}.Debug|Any CPU.ActiveCfg = Debug|Any CPU
		{E83B4890-FCC2-4530-8964-B2D56AD1EB3B}.Debug|Any CPU.Build.0 = Debug|Any CPU
		{E83B4890-FCC2-4530-8964-B2D56AD1EB3B}.Release|Any CPU.ActiveCfg = Release|Any CPU
		{E83B4890-FCC2-4530-8964-B2D56AD1EB3B}.Release|Any CPU.Build.0 = Release|Any CPU
		{E83B4890-FCC2-4530-8964-B2D56AD1EB3B}.Debug|iPhoneSimulator.ActiveCfg = Debug|Any CPU
		{E83B4890-FCC2-4530-8964-B2D56AD1EB3B}.Debug|iPhoneSimulator.Build.0 = Debug|Any CPU
		{E83B4890-FCC2-4530-8964-B2D56AD1EB3B}.Release|iPhone.ActiveCfg = Release|Any CPU
		{E83B4890-FCC2-4530-8964-B2D56AD1EB3B}.Release|iPhone.Build.0 = Release|Any CPU
		{E83B4890-FCC2-4530-8964-B2D56AD1EB3B}.Release|iPhoneSimulator.ActiveCfg = Release|Any CPU
		{E83B4890-FCC2-4530-8964-B2D56AD1EB3B}.Release|iPhoneSimulator.Build.0 = Release|Any CPU
		{E83B4890-FCC2-4530-8964-B2D56AD1EB3B}.Debug|iPhone.ActiveCfg = Debug|Any CPU
		{E83B4890-FCC2-4530-8964-B2D56AD1EB3B}.Debug|iPhone.Build.0 = Debug|Any CPU
	EndGlobalSection
EndGlobal
